
Microsoft Visual Studio Solution File, Format Version 12.00
# Visual Studio 15
VisualStudioVersion = 15.0.28307.572
MinimumVisualStudioVersion = 10.0.40219.1
Project("{9A19103F-16F7-4668-BE54-9A1E7A4F7556}") = "TicTacToeFunctions", "TicTacToeFunctions.csproj", "{24242AB5-9645-4437-9326-1979BF051B04}"
EndProject
Project("{9A19103F-16F7-4668-BE54-9A1E7A4F7556}") = "PlayFabCloudScriptPlugin", "..\..\..\sdks\CSharpSDK\Plugins\CloudScript\source\PlayFabCloudScriptPlugin.csproj", "{84C78A1A-68D9-424C-A86C-5288921AAEA3}"
EndProject
Global
	GlobalSection(SolutionConfigurationPlatforms) = preSolution
		Debug|Any CPU = Debug|Any CPU
		Release|Any CPU = Release|Any CPU
	EndGlobalSection
	GlobalSection(ProjectConfigurationPlatforms) = postSolution
		{24242AB5-9645-4437-9326-1979BF051B04}.Debug|Any CPU.ActiveCfg = Debug|Any CPU
		{24242AB5-9645-4437-9326-1979BF051B04}.Debug|Any CPU.Build.0 = Debug|Any CPU
		{24242AB5-9645-4437-9326-1979BF051B04}.Release|Any CPU.ActiveCfg = Release|Any CPU
		{24242AB5-9645-4437-9326-1979BF051B04}.Release|Any CPU.Build.0 = Release|Any CPU
		{84C78A1A-68D9-424C-A86C-5288921AAEA3}.Debug|Any CPU.ActiveCfg = Debug|Any CPU
		{84C78A1A-68D9-424C-A86C-5288921AAEA3}.Debug|Any CPU.Build.0 = Debug|Any CPU
		{84C78A1A-68D9-424C-A86C-5288921AAEA3}.Release|Any CPU.ActiveCfg = Release|Any CPU
		{84C78A1A-68D9-424C-A86C-5288921AAEA3}.Release|Any CPU.Build.0 = Release|Any CPU
	EndGlobalSection
	GlobalSection(SolutionProperties) = preSolution
		HideSolutionNode = FALSE
	EndGlobalSection
	GlobalSection(ExtensibilityGlobals) = postSolution
		SolutionGuid = {C7670D7A-76C7-41FC-B986-01D4873D9829}
	EndGlobalSection
EndGlobal
