
Microsoft Visual Studio Solution File, Format Version 12.00
# Visual Studio 15
VisualStudioVersion = 15.0.27703.2047
MinimumVisualStudioVersion = 10.0.40219.1
Project("{8BC9CEB8-8B4A-11D0-8D11-00A0C91BC942}") = "BumbleRumbleWin7", "Client\Win7\BumbleRumbleWin7.vcxproj", "{BB73ED29-0EA3-4488-AAD6-6759434A0EDF}"
EndProject
Project("{8BC9CEB8-8B4A-11D0-8D11-00A0C91BC942}") = "DirectXTK_Desktop_2017", "External\DirectXTK\DirectXTK_Desktop_2017.vcxproj", "{E0B52AE7-E160-4D32-BF3F-910B785E5A8E}"
EndProject
Project("{8BC9CEB8-8B4A-11D0-8D11-00A0C91BC942}") = "DirectXTKAudio_Desktop_2017_DXSDK", "External\DirectXTK\Audio\DirectXTKAudio_Desktop_2017_DXSDK.vcxproj", "{4F150A30-CECB-49D1-8283-6A3F57438CF5}"
EndProject
Project("{8BC9CEB8-8B4A-11D0-8D11-00A0C91BC942}") = "XPlatCppWindows", "External\XPlatCppSdk\build\Windows\XPlatCppWindows.vcxproj", "{92F6EC5F-B66C-4572-A74D-79329AFF3129}"
EndProject
Project("{8BC9CEB8-8B4A-11D0-8D11-00A0C91BC942}") = "lib_json", "External\XPlatCppSdk\external\jsoncpp-build\lib_json.vcxproj", "{1E6C2C1C-6453-4129-AE3F-0EE8E6599C89}"
EndProject
Global
	GlobalSection(SolutionConfigurationPlatforms) = preSolution
		Debug|x64 = Debug|x64
		Debug|x86 = Debug|x86
	EndGlobalSection
	GlobalSection(ProjectConfigurationPlatforms) = postSolution
		{BB73ED29-0EA3-4488-AAD6-6759434A0EDF}.Debug|Any CPU.ActiveCfg = Debug|x64
		{BB73ED29-0EA3-4488-AAD6-6759434A0EDF}.Debug|x64.ActiveCfg = Debug|x64
		{BB73ED29-0EA3-4488-AAD6-6759434A0EDF}.Debug|x64.Build.0 = Debug|x64
		{BB73ED29-0EA3-4488-AAD6-6759434A0EDF}.Debug|x86.ActiveCfg = Debug|x64
		{E0B52AE7-E160-4D32-BF3F-910B785E5A8E}.Debug|Any CPU.ActiveCfg = Debug|Win32
		{E0B52AE7-E160-4D32-BF3F-910B785E5A8E}.Debug|x64.ActiveCfg = Debug|x64
		{E0B52AE7-E160-4D32-BF3F-910B785E5A8E}.Debug|x64.Build.0 = Debug|x64
		{E0B52AE7-E160-4D32-BF3F-910B785E5A8E}.Debug|x86.ActiveCfg = Debug|Win32
		{E0B52AE7-E160-4D32-BF3F-910B785E5A8E}.Debug|x86.Build.0 = Debug|Win32
		{4F150A30-CECB-49D1-8283-6A3F57438CF5}.Debug|Any CPU.ActiveCfg = Debug|Win32
		{4F150A30-CECB-49D1-8283-6A3F57438CF5}.Debug|x64.ActiveCfg = Debug|x64
		{4F150A30-CECB-49D1-8283-6A3F57438CF5}.Debug|x64.Build.0 = Debug|x64
		{4F150A30-CECB-49D1-8283-6A3F57438CF5}.Debug|x86.ActiveCfg = Debug|Win32
		{4F150A30-CECB-49D1-8283-6A3F57438CF5}.Debug|x86.Build.0 = Debug|Win32
		{92F6EC5F-B66C-4572-A74D-79329AFF3129}.Debug|Any CPU.ActiveCfg = Debug|x64
		{92F6EC5F-B66C-4572-A74D-79329AFF3129}.Debug|x64.ActiveCfg = Debug|x64
		{92F6EC5F-B66C-4572-A74D-79329AFF3129}.Debug|x64.Build.0 = Debug|x64
		{92F6EC5F-B66C-4572-A74D-79329AFF3129}.Debug|x86.ActiveCfg = Debug|x64
		{1E6C2C1C-6453-4129-AE3F-0EE8E6599C89}.Debug|Any CPU.ActiveCfg = Debug|Win32
		{1E6C2C1C-6453-4129-AE3F-0EE8E6599C89}.Debug|x64.ActiveCfg = Debug|x64
		{1E6C2C1C-6453-4129-AE3F-0EE8E6599C89}.Debug|x64.Build.0 = Debug|x64
		{1E6C2C1C-6453-4129-AE3F-0EE8E6599C89}.Debug|x86.ActiveCfg = Debug|Win32
		{1E6C2C1C-6453-4129-AE3F-0EE8E6599C89}.Debug|x86.Build.0 = Debug|Win32
	EndGlobalSection
	GlobalSection(SolutionProperties) = preSolution
		HideSolutionNode = FALSE
	EndGlobalSection
	GlobalSection(ExtensibilityGlobals) = postSolution
		SolutionGuid = {D4F8F8EF-3A35-442B-997E-E4A100A8E3E0}
	EndGlobalSection
EndGlobal
