<?xml version="1.0" encoding="utf-8"?>
<Project ToolsVersion="15.0" xmlns="http://schemas.microsoft.com/developer/msbuild/2003">
  <ItemGroup>
    <Filter Include="Source Files">
      <UniqueIdentifier>{4FC737F1-C7A5-4376-A066-2A32D752A2FF}</UniqueIdentifier>
      <Extensions>cpp;c;cc;cxx;def;odl;idl;hpj;bat;asm;asmx</Extensions>
    </Filter>
    <Filter Include="Header Files">
      <UniqueIdentifier>{93995380-89BD-4b04-88EB-625FBE52EBFB}</UniqueIdentifier>
      <Extensions>h;hpp;hxx;hm;inl;inc;xsd</Extensions>
    </Filter>
  </ItemGroup>
  <ItemGroup>
    <ClInclude Include="include\playfab\PlayFabAdminApi.h">
      <Filter>Header Files</Filter>
    </ClInclude>
    <ClInclude Include="include\playfab\PlayFabAdminDataModels.h">
      <Filter>Header Files</Filter>
    </ClInclude>
    <ClInclude Include="include\playfab\PlayFabBaseModel.h">
      <Filter>Header Files</Filter>
    </ClInclude>
    <ClInclude Include="include\playfab\PlayFabClientApi.h">
      <Filter>Header Files</Filter>
    </ClInclude>
    <ClInclude Include="include\playfab\PlayFabClientDataModels.h">
      <Filter>Header Files</Filter>
    </ClInclude>
    <ClInclude Include="include\playfab\PlayFabError.h">
      <Filter>Header Files</Filter>
    </ClInclude>
    <ClInclude Include="include\playfab\PlayFabHttp.h">
      <Filter>Header Files</Filter>
    </ClInclude>
    <ClInclude Include="include\playfab\PlayFabMatchmakerApi.h">
      <Filter>Header Files</Filter>
    </ClInclude>
    <ClInclude Include="include\playfab\PlayFabMatchmakerDataModels.h">
      <Filter>Header Files</Filter>
    </ClInclude>
    <ClInclude Include="include\playfab\PlayFabServerApi.h">
      <Filter>Header Files</Filter>
    </ClInclude>
    <ClInclude Include="include\playfab\PlayFabServerDataModels.h">
      <Filter>Header Files</Filter>
    </ClInclude>
    <ClInclude Include="include\playfab\PlayFabSettings.h">
      <Filter>Header Files</Filter>
    </ClInclude>
    <ClInclude Include="include\playfab\PlayFabEntityApi.h">
      <Filter>Header Files</Filter>
    </ClInclude>
    <ClInclude Include="include\playfab\PlayFabEntityDataModels.h">
      <Filter>Header Files</Filter>
    </ClInclude>
    <ClInclude Include="include\playfab\PlayFabAuthenticationApi.h">
      <Filter>Header Files</Filter>
    </ClInclude>
    <ClInclude Include="include\playfab\PlayFabAuthenticationDataModels.h">
      <Filter>Header Files</Filter>
    </ClInclude>
    <ClInclude Include="include\playfab\PlayFabCloudScriptApi.h">
      <Filter>Header Files</Filter>
    </ClInclude>
    <ClInclude Include="include\playfab\PlayFabCloudScriptDataModels.h">
      <Filter>Header Files</Filter>
    </ClInclude>
    <ClInclude Include="include\playfab\PlayFabDataApi.h">
      <Filter>Header Files</Filter>
    </ClInclude>
    <ClInclude Include="include\playfab\PlayFabDataDataModels.h">
      <Filter>Header Files</Filter>
    </ClInclude>
    <ClInclude Include="include\playfab\PlayFabEventsApi.h">
      <Filter>Header Files</Filter>
    </ClInclude>
    <ClInclude Include="include\playfab\PlayFabEventsDataModels.h">
      <Filter>Header Files</Filter>
    </ClInclude>
    <ClInclude Include="include\playfab\PlayFabGroupsApi.h">
      <Filter>Header Files</Filter>
    </ClInclude>
    <ClInclude Include="include\playfab\PlayFabGroupsDataModels.h">
      <Filter>Header Files</Filter>
    </ClInclude>
    <ClInclude Include="include\playfab\PlayFabProfilesApi.h">
      <Filter>Header Files</Filter>
    </ClInclude>
    <ClInclude Include="include\playfab\PlayFabProfilesDataModels.h">
      <Filter>Header Files</Filter>
    </ClInclude>
  </ItemGroup>
  <ItemGroup>
    <ClCompile Include="source\PlayFabAdminApi.cpp">
      <Filter>Source Files</Filter>
    </ClCompile>
    <ClCompile Include="source\PlayFabClientApi.cpp">
      <Filter>Source Files</Filter>
    </ClCompile>
    <ClCompile Include="source\PlayFabError.cpp">
      <Filter>Source Files</Filter>
    </ClCompile>
    <ClCompile Include="source\PlayFabHttp.cpp">
      <Filter>Source Files</Filter>
    </ClCompile>
    <ClCompile Include="source\PlayFabMatchmakerApi.cpp">
      <Filter>Source Files</Filter>
    </ClCompile>
    <ClCompile Include="source\PlayFabServerApi.cpp">
      <Filter>Source Files</Filter>
    </ClCompile>
    <ClCompile Include="source\PlayFabSettings.cpp">
      <Filter>Source Files</Filter>
    </ClCompile>
    <ClCompile Include="source\PlayFabEntityApi.cpp">
      <Filter>Source Files</Filter>
    </ClCompile>
    <ClCompile Include="source\PlayFabAuthenticationApi.cpp">
      <Filter>Source Files</Filter>
    </ClCompile>
    <ClCompile Include="source\PlayFabCloudScriptApi.cpp">
      <Filter>Source Files</Filter>
    </ClCompile>
    <ClCompile Include="source\PlayFabDataApi.cpp">
      <Filter>Source Files</Filter>
    </ClCompile>
    <ClCompile Include="source\PlayFabEventsApi.cpp">
      <Filter>Source Files</Filter>
    </ClCompile>
    <ClCompile Include="source\PlayFabGroupsApi.cpp">
      <Filter>Source Files</Filter>
    </ClCompile>
    <ClCompile Include="source\PlayFabProfilesApi.cpp">
      <Filter>Source Files</Filter>
    </ClCompile>
  </ItemGroup>
</Project>