<?xml version="1.0" encoding="utf-8"?>
<Project ToolsVersion="4.0" xmlns="http://schemas.microsoft.com/developer/msbuild/2003">
  <ItemGroup>
    <Filter Include="Common">
      <UniqueIdentifier>02ff6c9c-3178-4c83-8a05-43f74535fde0</UniqueIdentifier>
    </Filter>
    <Filter Include="Assets">
      <UniqueIdentifier>72d5c8c3-0b28-424a-b4d3-e37ffd64d582</UniqueIdentifier>
      <Extensions>bmp;dds;fbx;gif;jpg;jpeg;tga;tiff;tif;png</Extensions>
    </Filter>
    <Filter Include="ATG Tool Kit">
      <UniqueIdentifier>d1dd0935-2598-4212-b214-0c571d2e971f</UniqueIdentifier>
    </Filter>
    <Filter Include="Xbox Live Tool Kit">
      <UniqueIdentifier>8f0c91d0-27d2-49b2-8896-a973b17dca3c</UniqueIdentifier>
    </Filter>
    <Filter Include="PlayFab">
      <UniqueIdentifier>8bf9430b-dd84-41b7-b17b-4d9c3e4e5fb9</UniqueIdentifier>
    </Filter>
    <Filter Include="Documentation">
      <UniqueIdentifier>{477f3f66-a084-4fe7-a235-7412aeed3209}</UniqueIdentifier>
    </Filter>
  </ItemGroup>
  <ItemGroup>
    <ClInclude Include="pch.h" />
    <ClInclude Include="PlayFabNewsFeed.h" />
    <ClInclude Include="StepTimer.h">
      <Filter>Common</Filter>
    </ClInclude>
    <ClInclude Include="Telemetry.h">
      <Filter>Common</Filter>
    </ClInclude>
    <ClInclude Include="DeviceResources.h">
      <Filter>Common</Filter>
    </ClInclude>
    <ClInclude Include="..\..\..\Kits\ATGTK\ATGColors.h">
      <Filter>ATG Tool Kit</Filter>
    </ClInclude>
    <ClInclude Include="..\..\..\Kits\LiveTK\LiveResourcesXDK.h">
      <Filter>Xbox Live Tool Kit</Filter>
    </ClInclude>
    <ClInclude Include="..\..\..\Kits\LiveTK\LiveInfoHUD.h">
      <Filter>Xbox Live Tool Kit</Filter>
    </ClInclude>
    <ClInclude Include="..\..\..\Kits\PlayFabSDK\PlayFabTK\PlayFabResourcesXDK.h">
      <Filter>PlayFab</Filter>
    </ClInclude>
    <ClInclude Include="..\..\..\Kits\ATGTK\TextConsole.h">
      <Filter>ATG Tool Kit</Filter>
    </ClInclude>
  </ItemGroup>
  <ItemGroup>
    <ClCompile Include="pch.cpp" />
    <ClCompile Include="PlayFabNewsFeed.cpp" />
    <ClCompile Include="Main.cpp" />
    <ClCompile Include="DeviceResources.cpp">
      <Filter>Common</Filter>
    </ClCompile>
    <ClCompile Include="..\..\..\Kits\LiveTK\LiveResourcesXDK.cpp">
      <Filter>Xbox Live Tool Kit</Filter>
    </ClCompile>
    <ClCompile Include="..\..\..\Kits\LiveTK\LiveInfoHUD.cpp">
      <Filter>Xbox Live Tool Kit</Filter>
    </ClCompile>
    <ClCompile Include="..\..\..\Kits\PlayFabSDK\PlayFabTK\PlayFabResourcesXDK.cpp">
      <Filter>PlayFab</Filter>
    </ClCompile>
    <ClCompile Include="..\..\..\Kits\ATGTK\TextConsole.cpp">
      <Filter>ATG Tool Kit</Filter>
    </ClCompile>
  </ItemGroup>
  <ItemGroup>
    <AppxManifest Include="Package.appxmanifest" />
  </ItemGroup>
  <ItemGroup>
    <Image Include="Assets\GamerPic.png">
      <Filter>Assets</Filter>
    </Image>
    <Image Include="Assets\Logo.png">
      <Filter>Assets</Filter>
    </Image>
    <Image Include="Assets\SmallLogo.png">
      <Filter>Assets</Filter>
    </Image>
    <Image Include="Assets\SplashScreen.png">
      <Filter>Assets</Filter>
    </Image>
    <Image Include="Assets\StoreLogo.png">
      <Filter>Assets</Filter>
    </Image>
    <Image Include="Assets\WideLogo.png">
      <Filter>Assets</Filter>
    </Image>
  </ItemGroup>
  <ItemGroup>
    <None Include="..\..\..\Media\Fonts\SegoeUI_18.spritefont">
      <Filter>Assets</Filter>
    </None>
    <None Include="..\..\..\Media\Fonts\SegoeUI_18_Bold.spritefont">
      <Filter>Assets</Filter>
    </None>
    <None Include="..\..\..\Media\Fonts\SegoeUI_36.spritefont">
      <Filter>Assets</Filter>
    </None>
    <None Include="..\..\..\Media\Fonts\Courier_16.spritefont">
      <Filter>Assets</Filter>
    </None>
    <None Include="Readme.docx">
      <Filter>Documentation</Filter>
    </None>
    <None Include="PlayFabNewsFeed_Readme_ja-jp.docx">
      <Filter>Documentation</Filter>
    </None>
    <None Include="PlayFabNewsFeed_Readme_ko-kr.docx">
      <Filter>Documentation</Filter>
    </None>
    <None Include="PlayFabNewsFeed_Readme_zh-cn.docx">
      <Filter>Documentation</Filter>
    </None>
  </ItemGroup>
</Project>