<?xml version="1.0" encoding="utf-8"?>
<Project ToolsVersion="4.0" xmlns="http://schemas.microsoft.com/developer/msbuild/2003">
  <ItemGroup>
    <Filter Include="Common">
      <UniqueIdentifier>657cbfb1-0752-490a-b278-6948248b94ee</UniqueIdentifier>
    </Filter>
    <Filter Include="Assets">
      <UniqueIdentifier>e17d461f-8a70-4dfb-bc4c-92368faa1f55</UniqueIdentifier>
      <Extensions>bmp;dds;fbx;gif;jpg;jpeg;tga;tiff;tif;png</Extensions>
    </Filter>
    <Filter Include="ATG Tool Kit">
      <UniqueIdentifier>9f5c43c0-e333-451a-8a01-94e23ec21564</UniqueIdentifier>
    </Filter>
    <Filter Include="Xbox Live Tool Kit">
      <UniqueIdentifier>87a8ac07-77ea-448b-9546-5c5df97aa3fa</UniqueIdentifier>
    </Filter>
    <Filter Include="PlayFab">
      <UniqueIdentifier>815b211d-2fae-4a66-a5de-e604ac9b0d6e</UniqueIdentifier>
    </Filter>
    <Filter Include="Documentation">
      <UniqueIdentifier>{d7a30a98-ebab-42ef-babf-eade83b71dfb}</UniqueIdentifier>
    </Filter>
  </ItemGroup>
  <ItemGroup>
    <ClInclude Include="pch.h" />
    <ClInclude Include="PlayFabStorage.h" />
    <ClInclude Include="StepTimer.h">
      <Filter>Common</Filter>
    </ClInclude>
    <ClInclude Include="Telemetry.h">
      <Filter>Common</Filter>
    </ClInclude>
    <ClInclude Include="DeviceResources.h">
      <Filter>Common</Filter>
    </ClInclude>
    <ClInclude Include="..\..\..\Kits\ATGTK\ATGColors.h">
      <Filter>ATG Tool Kit</Filter>
    </ClInclude>
    <ClInclude Include="..\..\..\Kits\LiveTK\LiveResourcesXDK.h">
      <Filter>Xbox Live Tool Kit</Filter>
    </ClInclude>
    <ClInclude Include="..\..\..\Kits\LiveTK\LiveInfoHUD.h">
      <Filter>Xbox Live Tool Kit</Filter>
    </ClInclude>
    <ClInclude Include="..\..\..\Kits\PlayFabSDK\PlayFabTK\PlayFabResourcesXDK.h">
      <Filter>PlayFab</Filter>
    </ClInclude>
    <ClInclude Include="..\..\..\Kits\ATGTK\ControllerFont.h">
      <Filter>ATG Tool Kit</Filter>
    </ClInclude>
    <ClInclude Include="..\..\..\Kits\ATGTK\CSVReader.h">
      <Filter>ATG Tool Kit</Filter>
    </ClInclude>
    <ClInclude Include="..\..\..\Kits\ATGTK\SampleGUI.h">
      <Filter>ATG Tool Kit</Filter>
    </ClInclude>
    <ClInclude Include="..\..\..\Kits\LiveTK\HttpCall.h">
      <Filter>Xbox Live Tool Kit</Filter>
    </ClInclude>
    <ClInclude Include="ListView.h">
      <Filter>Common</Filter>
    </ClInclude>
  </ItemGroup>
  <ItemGroup>
    <ClCompile Include="pch.cpp" />
    <ClCompile Include="PlayFabStorage.cpp" />
    <ClCompile Include="Main.cpp" />
    <ClCompile Include="DeviceResources.cpp">
      <Filter>Common</Filter>
    </ClCompile>
    <ClCompile Include="..\..\..\Kits\LiveTK\LiveResourcesXDK.cpp">
      <Filter>Xbox Live Tool Kit</Filter>
    </ClCompile>
    <ClCompile Include="..\..\..\Kits\LiveTK\LiveInfoHUD.cpp">
      <Filter>Xbox Live Tool Kit</Filter>
    </ClCompile>
    <ClCompile Include="..\..\..\Kits\PlayFabSDK\PlayFabTK\PlayFabResourcesXDK.cpp">
      <Filter>PlayFab</Filter>
    </ClCompile>
    <ClCompile Include="..\..\..\Kits\ATGTK\SampleGUI.cpp">
      <Filter>ATG Tool Kit</Filter>
    </ClCompile>
    <ClCompile Include="..\..\..\Kits\LiveTK\HttpCall.cpp">
      <Filter>Xbox Live Tool Kit</Filter>
    </ClCompile>
  </ItemGroup>
  <ItemGroup>
    <AppxManifest Include="Package.appxmanifest" />
  </ItemGroup>
  <ItemGroup>
    <Image Include="Assets\GamerPic.png">
      <Filter>Assets</Filter>
    </Image>
    <Image Include="Assets\Logo.png">
      <Filter>Assets</Filter>
    </Image>
    <Image Include="Assets\SmallLogo.png">
      <Filter>Assets</Filter>
    </Image>
    <Image Include="Assets\SplashScreen.png">
      <Filter>Assets</Filter>
    </Image>
    <Image Include="Assets\StoreLogo.png">
      <Filter>Assets</Filter>
    </Image>
    <Image Include="Assets\WideLogo.png">
      <Filter>Assets</Filter>
    </Image>
  </ItemGroup>
  <ItemGroup>
    <None Include="..\..\..\Media\Fonts\SegoeUI_18.spritefont">
      <Filter>Assets</Filter>
    </None>
    <None Include="..\..\..\Media\Fonts\SegoeUI_18_Bold.spritefont">
      <Filter>Assets</Filter>
    </None>
    <None Include="..\..\..\Media\Fonts\SegoeUI_36.spritefont">
      <Filter>Assets</Filter>
    </None>
    <None Include="..\..\..\Media\Fonts\SegoeUI_18_Italic.spritefont">
      <Filter>Assets</Filter>
    </None>
    <None Include="..\..\..\Media\Fonts\SegoeUI_22.spritefont">
      <Filter>Assets</Filter>
    </None>
    <None Include="..\..\..\Media\Fonts\SegoeUI_22_Bold.spritefont">
      <Filter>Assets</Filter>
    </None>
    <None Include="..\..\..\Media\Fonts\SegoeUI_22_Italic.spritefont">
      <Filter>Assets</Filter>
    </None>
    <None Include="..\..\..\Media\Fonts\SegoeUI_24.spritefont">
      <Filter>Assets</Filter>
    </None>
    <None Include="..\..\..\Media\Fonts\SegoeUI_34.spritefont">
      <Filter>Assets</Filter>
    </None>
    <None Include="..\..\..\Media\Fonts\SegoeUI_36_Bold.spritefont">
      <Filter>Assets</Filter>
    </None>
    <None Include="..\..\..\Media\Fonts\SegoeUI_36_Italic.spritefont">
      <Filter>Assets</Filter>
    </None>
    <None Include="..\..\..\Media\Fonts\XboxOneController.spritefont">
      <Filter>Assets</Filter>
    </None>
    <None Include="..\..\..\Media\Fonts\XboxOneControllerLegend.spritefont">
      <Filter>Assets</Filter>
    </None>
    <None Include="..\..\..\Media\Fonts\XboxOneControllerLegendSmall.spritefont">
      <Filter>Assets</Filter>
    </None>
    <None Include="..\..\..\Media\Fonts\XboxOneControllerSmall.spritefont">
      <Filter>Assets</Filter>
    </None>
    <None Include="Assets\SampleUI.csv">
      <Filter>Assets</Filter>
    </None>
    <None Include="Readme.docx">
      <Filter>Documentation</Filter>
    </None>
    <None Include="PlayFabStorage_Readme_ja-jp.docx">
      <Filter>Documentation</Filter>
    </None>
    <None Include="PlayFabStorage_Readme_ko-kr.docx">
      <Filter>Documentation</Filter>
    </None>
    <None Include="PlayFabStorage_Readme_zh-cn.docx">
      <Filter>Documentation</Filter>
    </None>
  </ItemGroup>
</Project>