<?xml version="1.0" encoding="utf-8"?>
<Project ToolsVersion="4.0" xmlns="http://schemas.microsoft.com/developer/msbuild/2003">
  <ItemGroup>
    <Filter Include="Assets">
      <UniqueIdentifier>67bac39e-6477-47c0-b6a5-8873f8ab239d</UniqueIdentifier>
      <Extensions>ico;cur;bmp;dds;dlg;fbx;rct;bin;rgs;gif;jpg;jpeg;jpe;resx;tga;tiff;tif;png;wav;mfcribbon-ms</Extensions>
    </Filter>
    <Filter Include="Common">
      <UniqueIdentifier>{073efdd8-e10f-48ce-9fd9-29c5104d9d3d}</UniqueIdentifier>
    </Filter>
    <Filter Include="Assets\Fonts">
      <UniqueIdentifier>{dc4fc2ce-5989-41c7-bb90-b823b7b27ea1}</UniqueIdentifier>
    </Filter>
    <Filter Include="Assets\Textures">
      <UniqueIdentifier>{b2b96cc4-93fb-4ffa-b684-c098a9abc102}</UniqueIdentifier>
    </Filter>
    <Filter Include="Common\GameScreens">
      <UniqueIdentifier>{9b2ac6e9-097a-403a-b59c-4524f45b8dab}</UniqueIdentifier>
    </Filter>
    <Filter Include="Common\Managers">
      <UniqueIdentifier>{63e46e97-880f-4b9e-bc6e-4c7d71bfa331}</UniqueIdentifier>
    </Filter>
    <Filter Include="PlayFabSDK">
      <UniqueIdentifier>{49848ae3-1a12-4895-bfbc-40232f0f5836}</UniqueIdentifier>
    </Filter>
    <Filter Include="Common\Engine">
      <UniqueIdentifier>{5038f883-d1ce-4328-90d2-e18b780f249d}</UniqueIdentifier>
    </Filter>
    <Filter Include="Common\Utils">
      <UniqueIdentifier>{b0957e52-871c-4661-a746-3c41d23d9466}</UniqueIdentifier>
    </Filter>
    <Filter Include="Common\Engine\GameObjects">
      <UniqueIdentifier>{4d71d2fc-e143-450b-a021-b825cb4d6a98}</UniqueIdentifier>
    </Filter>
    <Filter Include="Common\Engine\GameObjects\PowerUps">
      <UniqueIdentifier>{0142be39-91cb-4092-a28f-b709dd3389ec}</UniqueIdentifier>
    </Filter>
    <Filter Include="Common\Engine\GameObjects\Projectiles">
      <UniqueIdentifier>{c96610b2-62aa-4024-ab1e-aebd8d7fbc21}</UniqueIdentifier>
    </Filter>
    <Filter Include="Common\Engine\Weapons">
      <UniqueIdentifier>{cf1fff2a-60b7-47f8-838f-296050cf93a3}</UniqueIdentifier>
    </Filter>
    <Filter Include="Common\Managers\Renderer">
      <UniqueIdentifier>{c4f5c4f0-03d8-4b3a-83a9-4a61b8a0da67}</UniqueIdentifier>
    </Filter>
  </ItemGroup>
  <ItemGroup>
    <ClInclude Include="pch.h" />
    <ClInclude Include="Game.h" />
    <ClInclude Include="resource.h" />
    <ClInclude Include="..\..\Common\GameScreen.h">
      <Filter>Common\GameScreens</Filter>
    </ClInclude>
    <ClInclude Include="..\..\..\..\..\Kits\LiveTK\HttpCall.h">
      <Filter>Common</Filter>
    </ClInclude>
    <ClInclude Include="..\..\Common\MenuScreen.h">
      <Filter>Common\GameScreens</Filter>
    </ClInclude>
    <ClInclude Include="..\..\Common\Starfield.h">
      <Filter>Common\GameScreens</Filter>
    </ClInclude>
    <ClInclude Include="..\..\Common\StarfieldScreen.h">
      <Filter>Common\GameScreens</Filter>
    </ClInclude>
    <ClInclude Include="..\..\Common\TitleBackgroundScreen.h">
      <Filter>Common\GameScreens</Filter>
    </ClInclude>
    <ClInclude Include="..\..\Common\WelcomeScreen.h">
      <Filter>Common\GameScreens</Filter>
    </ClInclude>
    <ClInclude Include="..\..\Common\AudioManager.h">
      <Filter>Common\Managers</Filter>
    </ClInclude>
    <ClInclude Include="..\..\Common\Manager.h">
      <Filter>Common\Managers</Filter>
    </ClInclude>
    <ClInclude Include="..\..\Common\Managers.h">
      <Filter>Common\Managers</Filter>
    </ClInclude>
    <ClInclude Include="..\..\Common\OnlineManager.h">
      <Filter>Common\Managers</Filter>
    </ClInclude>
    <ClInclude Include="..\..\Common\PlayFabManager.h">
      <Filter>Common\Managers</Filter>
    </ClInclude>
    <ClInclude Include="..\..\Common\ScreenManager.h">
      <Filter>Common\Managers</Filter>
    </ClInclude>
    <ClInclude Include="..\..\Common\MainMenuScreen.h">
      <Filter>Common\GameScreens</Filter>
    </ClInclude>
    <ClInclude Include="..\..\Common\GameLobbyScreen.h">
      <Filter>Common\GameScreens</Filter>
    </ClInclude>
    <ClInclude Include="..\..\Common\NetworkManager.h">
      <Filter>Common\Managers</Filter>
    </ClInclude>
    <ClInclude Include="..\..\Common\InputManager.h">
      <Filter>Common\Managers</Filter>
    </ClInclude>
    <ClInclude Include="..\..\Common\ShipInput.h">
      <Filter>Common\Engine</Filter>
    </ClInclude>
    <ClInclude Include="..\..\Common\RandomMath.h">
      <Filter>Common\Engine</Filter>
    </ClInclude>
    <ClInclude Include="..\..\Common\ParticleManager.h">
      <Filter>Common\Managers</Filter>
    </ClInclude>
    <ClInclude Include="..\..\Common\GameStateManager.h">
      <Filter>Common\Managers</Filter>
    </ClInclude>
    <ClInclude Include="..\..\Common\ErrorScreen.h">
      <Filter>Common\GameScreens</Filter>
    </ClInclude>
    <ClInclude Include="..\..\Common\NetworkMessages.h">
      <Filter>Common\Engine</Filter>
    </ClInclude>
    <ClInclude Include="..\..\Common\DataBuffer.h">
      <Filter>Common\Utils</Filter>
    </ClInclude>
    <ClInclude Include="..\..\Common\Debug.h">
      <Filter>Common\Utils</Filter>
    </ClInclude>
    <ClInclude Include="..\..\..\..\..\Kits\LiveTK\HttpCall.h">
      <Filter>Common\Utils</Filter>
    </ClInclude>
    <ClInclude Include="..\..\Common\StepTimer.h">
      <Filter>Common\Utils</Filter>
    </ClInclude>
    <ClInclude Include="..\..\Common\World.h">
      <Filter>Common\Engine</Filter>
    </ClInclude>
    <ClInclude Include="..\..\Common\CollisionManager.h">
      <Filter>Common\Managers</Filter>
    </ClInclude>
    <ClInclude Include="..\..\Common\PlayerState.h">
      <Filter>Common\Engine</Filter>
    </ClInclude>
    <ClInclude Include="..\..\Common\GameServiceManager.h">
      <Filter>Common\Managers</Filter>
    </ClInclude>
    <ClInclude Include="..\..\Common\GameServiceHTTPRequest.h">
      <Filter>Common</Filter>
    </ClInclude>
    <ClInclude Include="..\..\Common\GameServiceManagerTypes.h">
      <Filter>Common</Filter>
    </ClInclude>
    <ClInclude Include="..\..\Common\RocketWeapon.h">
      <Filter>Common\Engine\Weapons</Filter>
    </ClInclude>
    <ClInclude Include="..\..\Common\LaserWeapon.h">
      <Filter>Common\Engine\Weapons</Filter>
    </ClInclude>
    <ClInclude Include="..\..\Common\DoubleLaserWeapon.h">
      <Filter>Common\Engine\Weapons</Filter>
    </ClInclude>
    <ClInclude Include="..\..\Common\TripleLaserWeapon.h">
      <Filter>Common\Engine\Weapons</Filter>
    </ClInclude>
    <ClInclude Include="..\..\Common\LaserProjectile.h">
      <Filter>Common\Engine\GameObjects\Projectiles</Filter>
    </ClInclude>
    <ClInclude Include="..\..\Common\Projectile.h">
      <Filter>Common\Engine\GameObjects\Projectiles</Filter>
    </ClInclude>
    <ClInclude Include="..\..\Common\RocketProjectile.h">
      <Filter>Common\Engine\GameObjects\Projectiles</Filter>
    </ClInclude>
    <ClInclude Include="..\..\Common\TripleLaserPowerUp.h">
      <Filter>Common\Engine\GameObjects\PowerUps</Filter>
    </ClInclude>
    <ClInclude Include="..\..\Common\RocketPowerUp.h">
      <Filter>Common\Engine\GameObjects\PowerUps</Filter>
    </ClInclude>
    <ClInclude Include="..\..\Common\DoubleLaserPowerUp.h">
      <Filter>Common\Engine\GameObjects\PowerUps</Filter>
    </ClInclude>
    <ClInclude Include="..\..\Common\MineWeapon.h">
      <Filter>Common\Engine\Weapons</Filter>
    </ClInclude>
    <ClInclude Include="..\..\Common\MineProjectile.h">
      <Filter>Common\Engine\GameObjects\Projectiles</Filter>
    </ClInclude>
    <ClInclude Include="..\..\Common\PowerUp.h">
      <Filter>Common\Engine\GameObjects\PowerUps</Filter>
    </ClInclude>
    <ClInclude Include="..\..\Common\CollisionMath.h">
      <Filter>Common\Utils</Filter>
    </ClInclude>
    <ClInclude Include="..\..\Common\Asteroid.h">
      <Filter>Common\Engine\GameObjects</Filter>
    </ClInclude>
    <ClInclude Include="..\..\Common\GameplayObject.h">
      <Filter>Common\Engine\GameObjects</Filter>
    </ClInclude>
    <ClInclude Include="..\..\Common\Ship.h">
      <Filter>Common\Engine\GameObjects</Filter>
    </ClInclude>
    <ClInclude Include="..\..\Common\Weapon.h">
      <Filter>Common\Engine\Weapons</Filter>
    </ClInclude>
    <ClInclude Include="..\..\Common\BatchRemovalCollection.h">
      <Filter>Common\Utils</Filter>
    </ClInclude>
    <ClInclude Include="..\..\Common\Timer.h">
      <Filter>Common\Utils</Filter>
    </ClInclude>
    <ClInclude Include="..\..\Common\GamePlayScreen.h">
      <Filter>Common\GameScreens</Filter>
    </ClInclude>
    <ClInclude Include="..\..\..\..\..\Kits\ATGTK\Texture.h">
      <Filter>Common\Utils</Filter>
    </ClInclude>
    <ClInclude Include="..\..\Common\DebugOverlayScreen.h">
      <Filter>Common\GameScreens</Filter>
    </ClInclude>
    <ClInclude Include="..\..\Common\Renderer\DX11\ContentManager.h">
      <Filter>Common\Managers\Renderer</Filter>
    </ClInclude>
    <ClInclude Include="..\..\Common\Renderer\DX11\RenderManager.h">
      <Filter>Common\Managers\Renderer</Filter>
    </ClInclude>
    <ClInclude Include="..\..\Common\Renderer\DX11\DeviceResources.h">
      <Filter>Common\Managers\Renderer</Filter>
    </ClInclude>
    <ClInclude Include="..\..\Common\Renderer\DX11\RenderContext.h">
      <Filter>Common\Managers\Renderer</Filter>
    </ClInclude>
    <ClInclude Include="..\..\Common\ComputeTypes.h">
      <Filter>Common</Filter>
    </ClInclude>
    <ClInclude Include="..\..\Common\LobbyPlayer.h">
      <Filter>Common</Filter>
    </ClInclude>
  </ItemGroup>
  <ItemGroup>
    <ClCompile Include="pch.cpp" />
    <ClCompile Include="Game.cpp" />
    <ClCompile Include="Main.cpp" />
    <ClCompile Include="..\..\Common\GameScreen.cpp">
      <Filter>Common\GameScreens</Filter>
    </ClCompile>
    <ClCompile Include="..\..\Common\MenuScreen.cpp">
      <Filter>Common\GameScreens</Filter>
    </ClCompile>
    <ClCompile Include="..\..\Common\Starfield.cpp">
      <Filter>Common\GameScreens</Filter>
    </ClCompile>
    <ClCompile Include="..\..\Common\StarfieldScreen.cpp">
      <Filter>Common\GameScreens</Filter>
    </ClCompile>
    <ClCompile Include="..\..\Common\TitleBackgroundScreen.cpp">
      <Filter>Common\GameScreens</Filter>
    </ClCompile>
    <ClCompile Include="..\..\Common\WelcomeScreen.cpp">
      <Filter>Common\GameScreens</Filter>
    </ClCompile>
    <ClCompile Include="..\..\Common\AudioManager.cpp">
      <Filter>Common\Managers</Filter>
    </ClCompile>
    <ClCompile Include="..\..\Common\Managers.cpp">
      <Filter>Common\Managers</Filter>
    </ClCompile>
    <ClCompile Include="..\..\Common\PlayFabManager.cpp">
      <Filter>Common\Managers</Filter>
    </ClCompile>
    <ClCompile Include="..\..\Common\ScreenManager.cpp">
      <Filter>Common\Managers</Filter>
    </ClCompile>
    <ClCompile Include="..\..\Common\MainMenuScreen.cpp">
      <Filter>Common\GameScreens</Filter>
    </ClCompile>
    <ClCompile Include="..\..\Common\GameLobbyScreen.cpp">
      <Filter>Common\GameScreens</Filter>
    </ClCompile>
    <ClCompile Include="..\..\Common\NetworkManager.cpp">
      <Filter>Common\Managers</Filter>
    </ClCompile>
    <ClCompile Include="..\..\Common\InputManager.cpp">
      <Filter>Common\Managers</Filter>
    </ClCompile>
    <ClCompile Include="..\..\Common\ShipInput.cpp">
      <Filter>Common\Engine</Filter>
    </ClCompile>
    <ClCompile Include="..\..\Common\ParticleManager.cpp">
      <Filter>Common\Managers</Filter>
    </ClCompile>
    <ClCompile Include="..\..\Common\GameStateManager.cpp">
      <Filter>Common\Managers</Filter>
    </ClCompile>
    <ClCompile Include="..\..\Common\ErrorScreen.cpp">
      <Filter>Common\GameScreens</Filter>
    </ClCompile>
    <ClCompile Include="..\..\Common\NetworkMessages.cpp">
      <Filter>Common\Engine</Filter>
    </ClCompile>
    <ClCompile Include="..\..\Common\DataBuffer.cpp">
      <Filter>Common\Utils</Filter>
    </ClCompile>
    <ClCompile Include="..\..\Common\Debug.cpp">
      <Filter>Common\Utils</Filter>
    </ClCompile>
    <ClCompile Include="..\..\..\..\..\Kits\LiveTK\HttpCall.cpp">
      <Filter>Common\Utils</Filter>
    </ClCompile>
    <ClCompile Include="..\..\Common\World.cpp">
      <Filter>Common\Engine</Filter>
    </ClCompile>
    <ClCompile Include="..\..\Common\CollisionManager.cpp">
      <Filter>Common\Managers</Filter>
    </ClCompile>
    <ClCompile Include="..\..\Common\GameServiceManager.cpp">
      <Filter>Common\Managers</Filter>
    </ClCompile>
    <ClCompile Include="..\..\Common\PlayerState.cpp">
      <Filter>Common\Engine</Filter>
    </ClCompile>
    <ClCompile Include="..\..\Common\RocketWeapon.cpp">
      <Filter>Common\Engine\Weapons</Filter>
    </ClCompile>
    <ClCompile Include="..\..\Common\LaserWeapon.cpp">
      <Filter>Common\Engine\Weapons</Filter>
    </ClCompile>
    <ClCompile Include="..\..\Common\DoubleLaserWeapon.cpp">
      <Filter>Common\Engine\Weapons</Filter>
    </ClCompile>
    <ClCompile Include="..\..\Common\TripleLaserWeapon.cpp">
      <Filter>Common\Engine\Weapons</Filter>
    </ClCompile>
    <ClCompile Include="..\..\Common\LaserProjectile.cpp">
      <Filter>Common\Engine\GameObjects\Projectiles</Filter>
    </ClCompile>
    <ClCompile Include="..\..\Common\Projectile.cpp">
      <Filter>Common\Engine\GameObjects\Projectiles</Filter>
    </ClCompile>
    <ClCompile Include="..\..\Common\RocketProjectile.cpp">
      <Filter>Common\Engine\GameObjects\Projectiles</Filter>
    </ClCompile>
    <ClCompile Include="..\..\Common\TripleLaserPowerUp.cpp">
      <Filter>Common\Engine\GameObjects\PowerUps</Filter>
    </ClCompile>
    <ClCompile Include="..\..\Common\RocketPowerUp.cpp">
      <Filter>Common\Engine\GameObjects\PowerUps</Filter>
    </ClCompile>
    <ClCompile Include="..\..\Common\DoubleLaserPowerUp.cpp">
      <Filter>Common\Engine\GameObjects\PowerUps</Filter>
    </ClCompile>
    <ClCompile Include="..\..\Common\MineWeapon.cpp">
      <Filter>Common\Engine\Weapons</Filter>
    </ClCompile>
    <ClCompile Include="..\..\Common\MineProjectile.cpp">
      <Filter>Common\Engine\GameObjects\Projectiles</Filter>
    </ClCompile>
    <ClCompile Include="..\..\Common\PowerUp.cpp">
      <Filter>Common\Engine\GameObjects\PowerUps</Filter>
    </ClCompile>
    <ClCompile Include="..\..\Common\Asteroid.cpp">
      <Filter>Common\Engine\GameObjects</Filter>
    </ClCompile>
    <ClCompile Include="..\..\Common\GameplayObject.cpp">
      <Filter>Common\Engine\GameObjects</Filter>
    </ClCompile>
    <ClCompile Include="..\..\Common\Ship.cpp">
      <Filter>Common\Engine\GameObjects</Filter>
    </ClCompile>
    <ClCompile Include="..\..\Common\Weapon.cpp">
      <Filter>Common\Engine\Weapons</Filter>
    </ClCompile>
    <ClCompile Include="..\..\Common\GamePlayScreen.cpp">
      <Filter>Common\GameScreens</Filter>
    </ClCompile>
    <ClCompile Include="..\..\..\..\..\Kits\ATGTK\Texture.cpp">
      <Filter>Common\Utils</Filter>
    </ClCompile>
    <ClCompile Include="..\..\Common\DebugOverlayScreen.cpp">
      <Filter>Common\GameScreens</Filter>
    </ClCompile>
    <ClCompile Include="..\..\Common\Renderer\DX11\ContentManager.cpp">
      <Filter>Common\Managers\Renderer</Filter>
    </ClCompile>
    <ClCompile Include="..\..\Common\Renderer\DX11\RenderManager.cpp">
      <Filter>Common\Managers\Renderer</Filter>
    </ClCompile>
    <ClCompile Include="..\..\Common\Renderer\DX11\DeviceResources.cpp">
      <Filter>Common\Managers\Renderer</Filter>
    </ClCompile>
    <ClCompile Include="..\..\Common\Renderer\DX11\RenderContext.cpp">
      <Filter>Common\Managers\Renderer</Filter>
    </ClCompile>
  </ItemGroup>
  <ItemGroup>
    <ResourceCompile Include="resource.rc" />
  </ItemGroup>
  <ItemGroup>
    <Image Include="directx.ico">
      <Filter>Assets</Filter>
    </Image>
    <Image Include="..\Assets\Textures\blank.png">
      <Filter>Assets\Textures</Filter>
    </Image>
    <Image Include="..\Assets\Textures\title.png">
      <Filter>Assets\Textures</Filter>
    </Image>
  </ItemGroup>
  <ItemGroup>
    <Manifest Include="settings.manifest">
      <Filter>Assets</Filter>
    </Manifest>
  </ItemGroup>
  <ItemGroup>
    <None Include="..\Assets\Fonts\Consolas_32.spritefont">
      <Filter>Assets\Fonts</Filter>
    </None>
    <None Include="..\Assets\Fonts\NetRumble.spritefont">
      <Filter>Assets\Fonts</Filter>
    </None>
    <None Include="..\Assets\Fonts\SegoeUI_64.spritefont">
      <Filter>Assets\Fonts</Filter>
    </None>
    <None Include="packages.config" />
  </ItemGroup>
</Project>